
Microsoft Visual Studio Solution File, Format Version 12.00
# Visual Studio Version 16
VisualStudioVersion = 16.0.30204.135
MinimumVisualStudioVersion = 10.0.40219.1
Project("{9A19103F-16F7-4668-BE54-9A1E7A4F7556}") = "CodeReview.Orchestrator", "src\CodeReview.Orchestrator\CodeReview.Orchestrator.csproj", "{76A8A603-9F97-46EA-8E15-F0F94FB74F5A}"
EndProject
Project("{FAE04EC0-301F-11D3-BF4B-00C04F79EFBC}") = "CodeReview.Orchestrator.Tests", "test\CodeReview.Orchestrator.Tests\CodeReview.Orchestrator.Tests.csproj", "{75797B54-F292-4E59-ACD5-57F8E2474741}"
EndProject
Global
	GlobalSection(SolutionConfigurationPlatforms) = preSolution
		Debug|Any CPU = Debug|Any CPU
		Release|Any CPU = Release|Any CPU
	EndGlobalSection
	GlobalSection(ProjectConfigurationPlatforms) = postSolution
		{76A8A603-9F97-46EA-8E15-F0F94FB74F5A}.Debug|Any CPU.ActiveCfg = Debug|Any CPU
		{76A8A603-9F97-46EA-8E15-F0F94FB74F5A}.Debug|Any CPU.Build.0 = Debug|Any CPU
		{76A8A603-9F97-46EA-8E15-F0F94FB74F5A}.Release|Any CPU.ActiveCfg = Release|Any CPU
		{76A8A603-9F97-46EA-8E15-F0F94FB74F5A}.Release|Any CPU.Build.0 = Release|Any CPU
		{75797B54-F292-4E59-ACD5-57F8E2474741}.Debug|Any CPU.ActiveCfg = Debug|Any CPU
		{75797B54-F292-4E59-ACD5-57F8E2474741}.Debug|Any CPU.Build.0 = Debug|Any CPU
		{75797B54-F292-4E59-ACD5-57F8E2474741}.Release|Any CPU.ActiveCfg = Release|Any CPU
		{75797B54-F292-4E59-ACD5-57F8E2474741}.Release|Any CPU.Build.0 = Release|Any CPU
	EndGlobalSection
	GlobalSection(SolutionProperties) = preSolution
		HideSolutionNode = FALSE
	EndGlobalSection
	GlobalSection(ExtensibilityGlobals) = postSolution
		SolutionGuid = {52D1E2AE-9F64-4FFA-9754-2F0E49F88283}
	EndGlobalSection
EndGlobal
